{
  "name": "jsongeek-wasm",
  "version": "0.1.0",
  "lockfileVersion": 3,
  "requires": true,
  "packages": {
    "": {
      "name": "jsongeek-wasm",
      "version": "0.1.0",
      "dependencies": {
        "@assemblyscript/loader": "^0.27.5"
      },
      "devDependencies": {
        "assemblyscript": "^0.27.5"
      }
    },
    "node_modules/@assemblyscript/loader": {
      "version": "0.27.34",
      "resolved": "https://registry.npmmirror.com/@assemblyscript/loader/-/loader-0.27.34.tgz",
      "integrity": "sha512-aUc12nBRN04dHn439RiI0G9X8CeOzbVuKspiVL1O8yS82neU3zTYjVFi9mz2+ZpSD2Laa7H0sUJ91jfhzQERMw==",
      "license": "Apache-2.0"
    },
    "node_modules/assemblyscript": {
      "version": "0.27.34",
      "resolved": "https://registry.npmmirror.com/assemblyscript/-/assemblyscript-0.27.34.tgz",
      "integrity": "sha512-7snWLfLjXhgPxC3xadAkRqWgpNxEvP4FR7TVqNhUtStzrXEOCZJe6zc5DzIUM0PSzDx7qCBmLY8qF1LzYfeRBQ==",
      "dev": true,
      "license": "Apache-2.0",
      "dependencies": {
        "binaryen": "116.0.0-nightly.20240114",
        "long": "^5.2.4"
      },
      "bin": {
        "asc": "bin/asc.js",
        "asinit": "bin/asinit.js"
      },
      "engines": {
        "node": ">=18",
        "npm": ">=10"
      },
      "funding": {
        "type": "opencollective",
        "url": "https://opencollective.com/assemblyscript"
      }
    },
    "node_modules/binaryen": {
      "version": "116.0.0-nightly.20240114",
      "resolved": "https://registry.npmmirror.com/binaryen/-/binaryen-116.0.0-nightly.20240114.tgz",
      "integrity": "sha512-0GZrojJnuhoe+hiwji7QFaL3tBlJoA+KFUN7ouYSDGZLSo9CKM8swQX8n/UcbR0d1VuZKU+nhogNzv423JEu5A==",
      "dev": true,
      "license": "Apache-2.0",
      "bin": {
        "wasm-opt": "bin/wasm-opt",
        "wasm2js": "bin/wasm2js"
      }
    },
    "node_modules/long": {
      "version": "5.3.1",
      "resolved": "https://registry.npmmirror.com/long/-/long-5.3.1.tgz",
      "integrity": "sha512-ka87Jz3gcx/I7Hal94xaN2tZEOPoUOEVftkQqZx2EeQRN7LGdfLlI3FvZ+7WDplm+vK2Urx9ULrvSowtdCieng==",
      "dev": true,
      "license": "Apache-2.0"
    }
  }
}
